PODS:
  - AFNetworking (3.1.0):
    - AFNetworking/NSURLSession (= 3.1.0)
    - AFNetworking/Reachability (= 3.1.0)
    - AFNetworking/Security (= 3.1.0)
    - AFNetworking/Serialization (= 3.1.0)
    - AFNetworking/UIKit (= 3.1.0)
  - AFNetworking/NSURLSession (3.1.0):
    - AFNetworking/Reachability
    - AFNetworking/Security
    - AFNetworking/Serialization
  - AFNetworking/Reachability (3.1.0)
  - AFNetworking/Security (3.1.0)
  - AFNetworking/Serialization (3.1.0)
  - AFNetworking/UIKit (3.1.0):
    - AFNetworking/NSURLSession
  - AFOAuth2Manager (3.0.0):
    - AFNetworking/NSURLSession (~> 3.0)
  - BDGCategories (0.0.28)
  - BDGImagePicker (0.0.12)
  - BDGMacros (0.0.18)
  - BDGScreenshot (0.0.2)
  - BDGShare (0.0.11)
  - BDGViews (0.0.5)
  - Blaze (1.0.82):
    - AFNetworking
    - BDGImagePicker
  - HockeySDK-Source (4.1.6)
  - SVProgressHUD (2.1.2)
  - SynappzAPI (1.0.7):
    - AFNetworking
    - AFOAuth2Manager

DEPENDENCIES:
  - AFNetworking
  - BDGCategories
  - BDGMacros
  - BDGScreenshot
  - BDGShare
  - BDGViews
  - Blaze
  - HockeySDK-Source
  - SVProgressHUD
  - SynappzAPI

SPEC CHECKSUMS:
  AFNetworking: 5e0e199f73d8626b11e79750991f5d173d1f8b67
  AFOAuth2Manager: 0566da1be64883e339813d411229fdc9a84dab7c
  BDGCategories: cc32a59fa5a34d3155d61026a0aca6269a33b27a
  BDGImagePicker: 86bbb8e55b30af261b161cd019d4055f42ad275b
  BDGMacros: 8d03817ec90f2c028648722f3289569dee4ed73f
  BDGScreenshot: f493d124c9935132da9e0ca9e8f2e6be180f7dd5
  BDGShare: 32748bcc08221d403115d68d76f9ee9ed1734883
  BDGViews: cb1ae80aa80d0f6d3645fa3adc4b4c7c410efcbb
  Blaze: f4e6cbcfb107bc4c6e947c1888d6bbcf949efc1b
  HockeySDK-Source: 985425c4dd1599aeb25662fcd93f8861ace721ca
  SVProgressHUD: c404a55d78acbeb7ebb78b76d3faf986475a6994
  SynappzAPI: c5d8809bd01f61dc64ee39667e87fc2d7cd5eb2a

PODFILE CHECKSUM: 3fda6d9152a023c5f084f73701d02cb9179339fc

COCOAPODS: 1.1.1
