// !$*UTF8*$!
{
	archiveVersion = 1;
	classes = {
	};
	objectVersion = 46;
	objects = {

/* Begin PBXAggregateTarget section */
		ED2E61721C9D79A1000441E4 /* MoGenerator */ = {
			isa = PBXAggregateTarget;
			buildConfigurationList = ED2E61731C9D79A1000441E4 /* Build configuration list for PBXAggregateTarget "MoGenerator" */;
			buildPhases = (
				ED2E61761C9D79DD000441E4 /* ShellScript */,
			);
			dependencies = (
			);
			name = MoGenerator;
			productName = MoGenerator;
		};
/* End PBXAggregateTarget section */

/* Begin PBXBuildFile section */
		80238DA109C6CDE71FDCCA28 /* Pods_Template.framework in Frameworks */ = {isa = PBXBuildFile; fileRef = 49AFA6623DD446F65507B3C2 /* Pods_Template.framework */; };
		B06A39161F25ABF10075715B /* main.m in Sources */ = {isa = PBXBuildFile; fileRef = B06A38D11F25ABF10075715B /* main.m */; };
		B06A39171F25ABF10075715B /* _User.m in Sources */ = {isa = PBXBuildFile; fileRef = B06A38D41F25ABF10075715B /* _User.m */; };
		B06A39181F25ABF10075715B /* BDGCoreData.m in Sources */ = {isa = PBXBuildFile; fileRef = B06A38D61F25ABF10075715B /* BDGCoreData.m */; };
		B06A39191F25ABF10075715B /* Template.xcdatamodeld in Sources */ = {isa = PBXBuildFile; fileRef = B06A38D71F25ABF10075715B /* Template.xcdatamodeld */; };
		B06A391A1F25ABF10075715B /* User.m in Sources */ = {isa = PBXBuildFile; fileRef = B06A38DA1F25ABF10075715B /* User.m */; };
		B06A39201F25ABF10075715B /* Assets.xcassets in Resources */ = {isa = PBXBuildFile; fileRef = B06A38E91F25ABF10075715B /* Assets.xcassets */; };
		B06A39211F25ABF10075715B /* Main.storyboard in Resources */ = {isa = PBXBuildFile; fileRef = B06A38EA1F25ABF10075715B /* Main.storyboard */; };
		B06A39221F25ABF10075715B /* Splash.storyboard in Resources */ = {isa = PBXBuildFile; fileRef = B06A38EC1F25ABF10075715B /* Splash.storyboard */; };
		B06A39291F25ABF10075715B /* InfoPlist.strings in Resources */ = {isa = PBXBuildFile; fileRef = B06A38F61F25ABF10075715B /* InfoPlist.strings */; };
		B06A392A1F25ABF10075715B /* Localizable.strings in Resources */ = {isa = PBXBuildFile; fileRef = B06A38F71F25ABF10075715B /* Localizable.strings */; };
		B06A392B1F25ABF10075715B /* AppAppearance.m in Sources */ = {isa = PBXBuildFile; fileRef = B06A38FB1F25ABF10075715B /* AppAppearance.m */; };
		B06A392C1F25ABF10075715B /* TableHeaderView.xib in Resources */ = {isa = PBXBuildFile; fileRef = B06A38FD1F25ABF10075715B /* TableHeaderView.xib */; };
		B06A392D1F25ABF10075715B /* ButtonTableViewCell.xib in Resources */ = {isa = PBXBuildFile; fileRef = B06A38FF1F25ABF10075715B /* ButtonTableViewCell.xib */; };
		B06A392E1F25ABF10075715B /* CenterTextTableViewCell.xib in Resources */ = {isa = PBXBuildFile; fileRef = B06A39001F25ABF10075715B /* CenterTextTableViewCell.xib */; };
		B06A392F1F25ABF10075715B /* CheckboxTableViewCell.xib in Resources */ = {isa = PBXBuildFile; fileRef = B06A39011F25ABF10075715B /* CheckboxTableViewCell.xib */; };
		B06A39301F25ABF10075715B /* CircleImageTableViewCell.xib in Resources */ = {isa = PBXBuildFile; fileRef = B06A39021F25ABF10075715B /* CircleImageTableViewCell.xib */; };
		B06A39311F25ABF10075715B /* EmptySpaceTableViewCell.xib in Resources */ = {isa = PBXBuildFile; fileRef = B06A39031F25ABF10075715B /* EmptySpaceTableViewCell.xib */; };
		B06A39321F25ABF10075715B /* FloatTextFieldTableViewCell.xib in Resources */ = {isa = PBXBuildFile; fileRef = B06A39041F25ABF10075715B /* FloatTextFieldTableViewCell.xib */; };
		B06A39331F25ABF10075715B /* ImageTableViewCell.xib in Resources */ = {isa = PBXBuildFile; fileRef = B06A39051F25ABF10075715B /* ImageTableViewCell.xib */; };
		B06A39341F25ABF10075715B /* SmallTextButtonTableViewCell.xib in Resources */ = {isa = PBXBuildFile; fileRef = B06A39061F25ABF10075715B /* SmallTextButtonTableViewCell.xib */; };
		B06A39351F25ABF10075715B /* SwitchTableViewCell.xib in Resources */ = {isa = PBXBuildFile; fileRef = B06A39071F25ABF10075715B /* SwitchTableViewCell.xib */; };
		B06A39361F25ABF10075715B /* TextButtonTableViewCell.xib in Resources */ = {isa = PBXBuildFile; fileRef = B06A39081F25ABF10075715B /* TextButtonTableViewCell.xib */; };
		B06A39371F25ABF10075715B /* TextFieldTableViewCell.xib in Resources */ = {isa = PBXBuildFile; fileRef = B06A39091F25ABF10075715B /* TextFieldTableViewCell.xib */; };
		B06A39381F25ABF10075715B /* TextTableViewCell.xib in Resources */ = {isa = PBXBuildFile; fileRef = B06A390A1F25ABF10075715B /* TextTableViewCell.xib */; };
		B06A39391F25ABF10075715B /* TextViewTableViewCell.xib in Resources */ = {isa = PBXBuildFile; fileRef = B06A390B1F25ABF10075715B /* TextViewTableViewCell.xib */; };
		B06A393A1F25ABF10075715B /* BaseFetchedTableViewController.m in Sources */ = {isa = PBXBuildFile; fileRef = B06A390E1F25ABF10075715B /* BaseFetchedTableViewController.m */; };
		B06A393B1F25ABF10075715B /* BaseTableViewController.m in Sources */ = {isa = PBXBuildFile; fileRef = B06A39101F25ABF10075715B /* BaseTableViewController.m */; };
		B06A393C1F25ABF10075715B /* BaseViewController.m in Sources */ = {isa = PBXBuildFile; fileRef = B06A39121F25ABF10075715B /* BaseViewController.m */; };
		B06A393D1F25ABF10075715B /* ViewController.m in Sources */ = {isa = PBXBuildFile; fileRef = B06A39141F25ABF10075715B /* ViewController.m */; };
		B06A394F1F25ACF80075715B /* AppData.m in Sources */ = {isa = PBXBuildFile; fileRef = B06A39441F25ACF80075715B /* AppData.m */; };
		B06A39501F25ACF80075715B /* AppDelegate.m in Sources */ = {isa = PBXBuildFile; fileRef = B06A39461F25ACF80075715B /* AppDelegate.m */; };
		B06A39511F25ACF80075715B /* NotificationsManager.m in Sources */ = {isa = PBXBuildFile; fileRef = B06A39481F25ACF80075715B /* NotificationsManager.m */; };
		B06A39521F25ACF80075715B /* Timer.m in Sources */ = {isa = PBXBuildFile; fileRef = B06A394A1F25ACF80075715B /* Timer.m */; };
		B06A39531F25ACF80075715B /* UIColor+App.m in Sources */ = {isa = PBXBuildFile; fileRef = B06A394C1F25ACF80075715B /* UIColor+App.m */; };
		B06A39541F25ACF80075715B /* UIFont+App.m in Sources */ = {isa = PBXBuildFile; fileRef = B06A394E1F25ACF80075715B /* UIFont+App.m */; };
		B06A395D1F25AD740075715B /* TemplateTests.m in Sources */ = {isa = PBXBuildFile; fileRef = B06A395C1F25AD740075715B /* TemplateTests.m */; };
		ED71D4F51E38EB86004CD9F8 /* SafariServices.framework in Frameworks */ = {isa = PBXBuildFile; fileRef = ED71D4F41E38EB86004CD9F8 /* SafariServices.framework */; };
/* End PBXBuildFile section */

/* Begin PBXContainerItemProxy section */
		B06A395F1F25AD740075715B /* PBXContainerItemProxy */ = {
			isa = PBXContainerItemProxy;
			containerPortal = ED2E611D1C9D7851000441E4 /* Project object */;
			proxyType = 1;
			remoteGlobalIDString = ED2E61241C9D7851000441E4;
			remoteInfo = Template;
		};
/* End PBXContainerItemProxy section */

/* Begin PBXFileReference section */
		49AFA6623DD446F65507B3C2 /* Pods_Template.framework */ = {isa = PBXFileReference; explicitFileType = wrapper.framework; includeInIndex = 0; path = Pods_Template.framework; sourceTree = BUILT_PRODUCTS_DIR; };
		6A01C3EB630EAC7B2F8FC1CC /* Pods-Template.release.xcconfig */ = {isa = PBXFileReference; includeInIndex = 1; lastKnownFileType = text.xcconfig; name = "Pods-Template.release.xcconfig"; path = "Pods/Target Support Files/Pods-Template/Pods-Template.release.xcconfig"; sourceTree = "<group>"; };
		6B746C6F9E3429D52CA4FCC0 /* Pods-Template.debug.xcconfig */ = {isa = PBXFileReference; includeInIndex = 1; lastKnownFileType = text.xcconfig; name = "Pods-Template.debug.xcconfig"; path = "Pods/Target Support Files/Pods-Template/Pods-Template.debug.xcconfig"; sourceTree = "<group>"; };
		8F6FB4F87756D32E2B659BFC /* Pods-Template.appstore.xcconfig */ = {isa = PBXFileReference; includeInIndex = 1; lastKnownFileType = text.xcconfig; name = "Pods-Template.appstore.xcconfig"; path = "Pods/Target Support Files/Pods-Template/Pods-Template.appstore.xcconfig"; sourceTree = "<group>"; };
		B06A38CE1F25ABF10075715B /* Constants.h */ = {isa = PBXFileReference; fileEncoding = 4; lastKnownFileType = sourcecode.c.h; name = Constants.h; path = Constants/Constants.h; sourceTree = "<group>"; };
		B06A38CF1F25ABF10075715B /* Enums.h */ = {isa = PBXFileReference; fileEncoding = 4; lastKnownFileType = sourcecode.c.h; name = Enums.h; path = Constants/Enums.h; sourceTree = "<group>"; };
		B06A38D01F25ABF10075715B /* Info.plist */ = {isa = PBXFileReference; fileEncoding = 4; lastKnownFileType = text.plist.xml; name = Info.plist; path = ../../Info.plist; sourceTree = "<group>"; };
		B06A38D11F25ABF10075715B /* main.m */ = {isa = PBXFileReference; fileEncoding = 4; lastKnownFileType = sourcecode.c.objc; name = main.m; path = ../../main.m; sourceTree = "<group>"; };
		B06A38D31F25ABF10075715B /* _User.h */ = {isa = PBXFileReference; fileEncoding = 4; lastKnownFileType = sourcecode.c.h; path = _User.h; sourceTree = "<group>"; };
		B06A38D41F25ABF10075715B /* _User.m */ = {isa = PBXFileReference; fileEncoding = 4; lastKnownFileType = sourcecode.c.objc; path = _User.m; sourceTree = "<group>"; };
		B06A38D51F25ABF10075715B /* BDGCoreData.h */ = {isa = PBXFileReference; fileEncoding = 4; lastKnownFileType = sourcecode.c.h; path = BDGCoreData.h; sourceTree = "<group>"; };
		B06A38D61F25ABF10075715B /* BDGCoreData.m */ = {isa = PBXFileReference; fileEncoding = 4; lastKnownFileType = sourcecode.c.objc; path = BDGCoreData.m; sourceTree = "<group>"; };
		B06A38D81F25ABF10075715B /* Template.xcdatamodel */ = {isa = PBXFileReference; lastKnownFileType = wrapper.xcdatamodel; path = Template.xcdatamodel; sourceTree = "<group>"; };
		B06A38D91F25ABF10075715B /* User.h */ = {isa = PBXFileReference; fileEncoding = 4; lastKnownFileType = sourcecode.c.h; path = User.h; sourceTree = "<group>"; };
		B06A38DA1F25ABF10075715B /* User.m */ = {isa = PBXFileReference; fileEncoding = 4; lastKnownFileType = sourcecode.c.objc; path = User.m; sourceTree = "<group>"; };
		B06A38E91F25ABF10075715B /* Assets.xcassets */ = {isa = PBXFileReference; lastKnownFileType = folder.assetcatalog; path = Assets.xcassets; sourceTree = "<group>"; };
		B06A38EB1F25ABF10075715B /* Base */ = {isa = PBXFileReference; lastKnownFileType = file.storyboard; name = Base; path = Base.lproj/Main.storyboard; sourceTree = "<group>"; };
		B06A38ED1F25ABF10075715B /* Base */ = {isa = PBXFileReference; lastKnownFileType = file.storyboard; name = Base; path = Base.lproj/Splash.storyboard; sourceTree = "<group>"; };
		B06A38F61F25ABF10075715B /* InfoPlist.strings */ = {isa = PBXFileReference; fileEncoding = 4; lastKnownFileType = text.plist.strings; path = InfoPlist.strings; sourceTree = "<group>"; };
		B06A38F71F25ABF10075715B /* Localizable.strings */ = {isa = PBXFileReference; fileEncoding = 4; lastKnownFileType = text.plist.strings; path = Localizable.strings; sourceTree = "<group>"; };
		B06A38FA1F25ABF10075715B /* AppAppearance.h */ = {isa = PBXFileReference; fileEncoding = 4; lastKnownFileType = sourcecode.c.h; path = AppAppearance.h; sourceTree = "<group>"; };
		B06A38FB1F25ABF10075715B /* AppAppearance.m */ = {isa = PBXFileReference; fileEncoding = 4; lastKnownFileType = sourcecode.c.objc; path = AppAppearance.m; sourceTree = "<group>"; };
		B06A38FD1F25ABF10075715B /* TableHeaderView.xib */ = {isa = PBXFileReference; fileEncoding = 4; lastKnownFileType = file.xib; path = TableHeaderView.xib; sourceTree = "<group>"; };
		B06A38FF1F25ABF10075715B /* ButtonTableViewCell.xib */ = {isa = PBXFileReference; fileEncoding = 4; lastKnownFileType = file.xib; path = ButtonTableViewCell.xib; sourceTree = "<group>"; };
		B06A39001F25ABF10075715B /* CenterTextTableViewCell.xib */ = {isa = PBXFileReference; fileEncoding = 4; lastKnownFileType = file.xib; path = CenterTextTableViewCell.xib; sourceTree = "<group>"; };
		B06A39011F25ABF10075715B /* CheckboxTableViewCell.xib */ = {isa = PBXFileReference; fileEncoding = 4; lastKnownFileType = file.xib; path = CheckboxTableViewCell.xib; sourceTree = "<group>"; };
		B06A39021F25ABF10075715B /* CircleImageTableViewCell.xib */ = {isa = PBXFileReference; fileEncoding = 4; lastKnownFileType = file.xib; path = CircleImageTableViewCell.xib; sourceTree = "<group>"; };
		B06A39031F25ABF10075715B /* EmptySpaceTableViewCell.xib */ = {isa = PBXFileReference; fileEncoding = 4; lastKnownFileType = file.xib; path = EmptySpaceTableViewCell.xib; sourceTree = "<group>"; };
		B06A39041F25ABF10075715B /* FloatTextFieldTableViewCell.xib */ = {isa = PBXFileReference; fileEncoding = 4; lastKnownFileType = file.xib; path = FloatTextFieldTableViewCell.xib; sourceTree = "<group>"; };
		B06A39051F25ABF10075715B /* ImageTableViewCell.xib */ = {isa = PBXFileReference; fileEncoding = 4; lastKnownFileType = file.xib; path = ImageTableViewCell.xib; sourceTree = "<group>"; };
		B06A39061F25ABF10075715B /* SmallTextButtonTableViewCell.xib */ = {isa = PBXFileReference; fileEncoding = 4; lastKnownFileType = file.xib; path = SmallTextButtonTableViewCell.xib; sourceTree = "<group>"; };
		B06A39071F25ABF10075715B /* SwitchTableViewCell.xib */ = {isa = PBXFileReference; fileEncoding = 4; lastKnownFileType = file.xib; path = SwitchTableViewCell.xib; sourceTree = "<group>"; };
		B06A39081F25ABF10075715B /* TextButtonTableViewCell.xib */ = {isa = PBXFileReference; fileEncoding = 4; lastKnownFileType = file.xib; path = TextButtonTableViewCell.xib; sourceTree = "<group>"; };
		B06A39091F25ABF10075715B /* TextFieldTableViewCell.xib */ = {isa = PBXFileReference; fileEncoding = 4; lastKnownFileType = file.xib; path = TextFieldTableViewCell.xib; sourceTree = "<group>"; };
		B06A390A1F25ABF10075715B /* TextTableViewCell.xib */ = {isa = PBXFileReference; fileEncoding = 4; lastKnownFileType = file.xib; path = TextTableViewCell.xib; sourceTree = "<group>"; };
		B06A390B1F25ABF10075715B /* TextViewTableViewCell.xib */ = {isa = PBXFileReference; fileEncoding = 4; lastKnownFileType = file.xib; path = TextViewTableViewCell.xib; sourceTree = "<group>"; };
		B06A390D1F25ABF10075715B /* BaseFetchedTableViewController.h */ = {isa = PBXFileReference; fileEncoding = 4; lastKnownFileType = sourcecode.c.h; path = BaseFetchedTableViewController.h; sourceTree = "<group>"; };
		B06A390E1F25ABF10075715B /* BaseFetchedTableViewController.m */ = {isa = PBXFileReference; fileEncoding = 4; lastKnownFileType = sourcecode.c.objc; path = BaseFetchedTableViewController.m; sourceTree = "<group>"; };
		B06A390F1F25ABF10075715B /* BaseTableViewController.h */ = {isa = PBXFileReference; fileEncoding = 4; lastKnownFileType = sourcecode.c.h; path = BaseTableViewController.h; sourceTree = "<group>"; };
		B06A39101F25ABF10075715B /* BaseTableViewController.m */ = {isa = PBXFileReference; fileEncoding = 4; lastKnownFileType = sourcecode.c.objc; path = BaseTableViewController.m; sourceTree = "<group>"; };
		B06A39111F25ABF10075715B /* BaseViewController.h */ = {isa = PBXFileReference; fileEncoding = 4; lastKnownFileType = sourcecode.c.h; path = BaseViewController.h; sourceTree = "<group>"; };
		B06A39121F25ABF10075715B /* BaseViewController.m */ = {isa = PBXFileReference; fileEncoding = 4; lastKnownFileType = sourcecode.c.objc; path = BaseViewController.m; sourceTree = "<group>"; };
		B06A39131F25ABF10075715B /* ViewController.h */ = {isa = PBXFileReference; fileEncoding = 4; lastKnownFileType = sourcecode.c.h; path = ViewController.h; sourceTree = "<group>"; };
		B06A39141F25ABF10075715B /* ViewController.m */ = {isa = PBXFileReference; fileEncoding = 4; lastKnownFileType = sourcecode.c.objc; path = ViewController.m; sourceTree = "<group>"; };
		B06A39431F25ACF80075715B /* AppData.h */ = {isa = PBXFileReference; fileEncoding = 4; lastKnownFileType = sourcecode.c.h; path = AppData.h; sourceTree = "<group>"; };
		B06A39441F25ACF80075715B /* AppData.m */ = {isa = PBXFileReference; fileEncoding = 4; lastKnownFileType = sourcecode.c.objc; path = AppData.m; sourceTree = "<group>"; };
		B06A39451F25ACF80075715B /* AppDelegate.h */ = {isa = PBXFileReference; fileEncoding = 4; lastKnownFileType = sourcecode.c.h; path = AppDelegate.h; sourceTree = "<group>"; };
		B06A39461F25ACF80075715B /* AppDelegate.m */ = {isa = PBXFileReference; fileEncoding = 4; lastKnownFileType = sourcecode.c.objc; path = AppDelegate.m; sourceTree = "<group>"; };
		B06A39471F25ACF80075715B /* NotificationsManager.h */ = {isa = PBXFileReference; fileEncoding = 4; lastKnownFileType = sourcecode.c.h; path = NotificationsManager.h; sourceTree = "<group>"; };
		B06A39481F25ACF80075715B /* NotificationsManager.m */ = {isa = PBXFileReference; fileEncoding = 4; lastKnownFileType = sourcecode.c.objc; path = NotificationsManager.m; sourceTree = "<group>"; };
		B06A39491F25ACF80075715B /* Timer.h */ = {isa = PBXFileReference; fileEncoding = 4; lastKnownFileType = sourcecode.c.h; path = Timer.h; sourceTree = "<group>"; };
		B06A394A1F25ACF80075715B /* Timer.m */ = {isa = PBXFileReference; fileEncoding = 4; lastKnownFileType = sourcecode.c.objc; path = Timer.m; sourceTree = "<group>"; };
		B06A394B1F25ACF80075715B /* UIColor+App.h */ = {isa = PBXFileReference; fileEncoding = 4; lastKnownFileType = sourcecode.c.h; path = "UIColor+App.h"; sourceTree = "<group>"; };
		B06A394C1F25ACF80075715B /* UIColor+App.m */ = {isa = PBXFileReference; fileEncoding = 4; lastKnownFileType = sourcecode.c.objc; path = "UIColor+App.m"; sourceTree = "<group>"; };
		B06A394D1F25ACF80075715B /* UIFont+App.h */ = {isa = PBXFileReference; fileEncoding = 4; lastKnownFileType = sourcecode.c.h; path = "UIFont+App.h"; sourceTree = "<group>"; };
		B06A394E1F25ACF80075715B /* UIFont+App.m */ = {isa = PBXFileReference; fileEncoding = 4; lastKnownFileType = sourcecode.c.objc; path = "UIFont+App.m"; sourceTree = "<group>"; };
		B06A395A1F25AD740075715B /* TemplateTests.xctest */ = {isa = PBXFileReference; explicitFileType = wrapper.cfbundle; includeInIndex = 0; path = TemplateTests.xctest; sourceTree = BUILT_PRODUCTS_DIR; };
		B06A395C1F25AD740075715B /* TemplateTests.m */ = {isa = PBXFileReference; lastKnownFileType = sourcecode.c.objc; path = TemplateTests.m; sourceTree = "<group>"; };
		B06A395E1F25AD740075715B /* Info.plist */ = {isa = PBXFileReference; lastKnownFileType = text.plist.xml; path = Info.plist; sourceTree = "<group>"; };
		ED2E61251C9D7851000441E4 /* Template.app */ = {isa = PBXFileReference; explicitFileType = wrapper.application; includeInIndex = 0; path = Template.app; sourceTree = BUILT_PRODUCTS_DIR; };
		ED71D4F41E38EB86004CD9F8 /* SafariServices.framework */ = {isa = PBXFileReference; lastKnownFileType = wrapper.framework; name = SafariServices.framework; path = System/Library/Frameworks/SafariServices.framework; sourceTree = SDKROOT; };
/* End PBXFileReference section */

/* Begin PBXFrameworksBuildPhase section */
		B06A39571F25AD740075715B /* Frameworks */ = {
			isa = PBXFrameworksBuildPhase;
			buildActionMask = 2147483647;
			files = (
			);
			runOnlyForDeploymentPostprocessing = 0;
		};
		ED2E61221C9D7851000441E4 /* Frameworks */ = {
			isa = PBXFrameworksBuildPhase;
			buildActionMask = 2147483647;
			files = (
				ED71D4F51E38EB86004CD9F8 /* SafariServices.framework in Frameworks */,
				80238DA109C6CDE71FDCCA28 /* Pods_Template.framework in Frameworks */,
			);
			runOnlyForDeploymentPostprocessing = 0;
		};
/* End PBXFrameworksBuildPhase section */

/* Begin PBXGroup section */
		0D41631BF19B9244F4F17AF5 /* Pods */ = {
			isa = PBXGroup;
			children = (
				6B746C6F9E3429D52CA4FCC0 /* Pods-Template.debug.xcconfig */,
				6A01C3EB630EAC7B2F8FC1CC /* Pods-Template.release.xcconfig */,
				8F6FB4F87756D32E2B659BFC /* Pods-Template.appstore.xcconfig */,
			);
			name = Pods;
			sourceTree = "<group>";
		};
		84DAA7110F2F41F4CB599650 /* Frameworks */ = {
			isa = PBXGroup;
			children = (
				ED71D4F41E38EB86004CD9F8 /* SafariServices.framework */,
				49AFA6623DD446F65507B3C2 /* Pods_Template.framework */,
			);
			name = Frameworks;
			sourceTree = "<group>";
		};
		B06A38CB1F25ABF10075715B /* Source */ = {
			isa = PBXGroup;
			children = (
				B06A38CE1F25ABF10075715B /* Constants.h */,
				B06A38CF1F25ABF10075715B /* Enums.h */,
				B06A38CC1F25ABF10075715B /* API */,
				B06A38CD1F25ABF10075715B /* Constants */,
				B06A38D21F25ABF10075715B /* Model */,
				B06A39421F25ACF80075715B /* Objects */,
				B06A38E81F25ABF10075715B /* Resources */,
				B06A38F81F25ABF10075715B /* UserInterface */,
			);
			path = Source;
			sourceTree = "<group>";
		};
		B06A38CC1F25ABF10075715B /* API */ = {
			isa = PBXGroup;
			children = (
			);
			path = API;
			sourceTree = "<group>";
		};
		B06A38CD1F25ABF10075715B /* Constants */ = {
			isa = PBXGroup;
			children = (
			);
			path = Constants;
			sourceTree = "<group>";
		};
		B06A38D21F25ABF10075715B /* Model */ = {
			isa = PBXGroup;
			children = (
				B06A38D31F25ABF10075715B /* _User.h */,
				B06A38D41F25ABF10075715B /* _User.m */,
				B06A38D51F25ABF10075715B /* BDGCoreData.h */,
				B06A38D61F25ABF10075715B /* BDGCoreData.m */,
				B06A38D71F25ABF10075715B /* Template.xcdatamodeld */,
				B06A38D91F25ABF10075715B /* User.h */,
				B06A38DA1F25ABF10075715B /* User.m */,
			);
			path = Model;
			sourceTree = "<group>";
		};
		B06A38E81F25ABF10075715B /* Resources */ = {
			isa = PBXGroup;
			children = (
				B06A39551F25AD200075715B /* Supporting files */,
				B06A38E91F25ABF10075715B /* Assets.xcassets */,
				B06A38EA1F25ABF10075715B /* Main.storyboard */,
				B06A38EC1F25ABF10075715B /* Splash.storyboard */,
				B06A38EE1F25ABF10075715B /* Fonts */,
				B06A38F51F25ABF10075715B /* Languages */,
			);
			path = Resources;
			sourceTree = "<group>";
		};
		B06A38EE1F25ABF10075715B /* Fonts */ = {
			isa = PBXGroup;
			children = (
			);
			path = Fonts;
			sourceTree = "<group>";
		};
		B06A38F51F25ABF10075715B /* Languages */ = {
			isa = PBXGroup;
			children = (
				B06A38F61F25ABF10075715B /* InfoPlist.strings */,
				B06A38F71F25ABF10075715B /* Localizable.strings */,
			);
			path = Languages;
			sourceTree = "<group>";
		};
		B06A38F81F25ABF10075715B /* UserInterface */ = {
			isa = PBXGroup;
			children = (
				B06A38F91F25ABF10075715B /* Appearance */,
				B06A38FC1F25ABF10075715B /* TableHeaderFooterViews */,
				B06A38FE1F25ABF10075715B /* TableViewCells */,
				B06A393E1F25AC050075715B /* Views */,
				B06A390C1F25ABF10075715B /* ViewControllers */,
			);
			path = UserInterface;
			sourceTree = "<group>";
		};
		B06A38F91F25ABF10075715B /* Appearance */ = {
			isa = PBXGroup;
			children = (
				B06A38FA1F25ABF10075715B /* AppAppearance.h */,
				B06A38FB1F25ABF10075715B /* AppAppearance.m */,
			);
			path = Appearance;
			sourceTree = "<group>";
		};
		B06A38FC1F25ABF10075715B /* TableHeaderFooterViews */ = {
			isa = PBXGroup;
			children = (
				B06A38FD1F25ABF10075715B /* TableHeaderView.xib */,
			);
			path = TableHeaderFooterViews;
			sourceTree = "<group>";
		};
		B06A38FE1F25ABF10075715B /* TableViewCells */ = {
			isa = PBXGroup;
			children = (
				B06A38FF1F25ABF10075715B /* ButtonTableViewCell.xib */,
				B06A39001F25ABF10075715B /* CenterTextTableViewCell.xib */,
				B06A39011F25ABF10075715B /* CheckboxTableViewCell.xib */,
				B06A39021F25ABF10075715B /* CircleImageTableViewCell.xib */,
				B06A39031F25ABF10075715B /* EmptySpaceTableViewCell.xib */,
				B06A39041F25ABF10075715B /* FloatTextFieldTableViewCell.xib */,
				B06A39051F25ABF10075715B /* ImageTableViewCell.xib */,
				B06A39061F25ABF10075715B /* SmallTextButtonTableViewCell.xib */,
				B06A39071F25ABF10075715B /* SwitchTableViewCell.xib */,
				B06A39081F25ABF10075715B /* TextButtonTableViewCell.xib */,
				B06A39091F25ABF10075715B /* TextFieldTableViewCell.xib */,
				B06A390A1F25ABF10075715B /* TextTableViewCell.xib */,
				B06A390B1F25ABF10075715B /* TextViewTableViewCell.xib */,
			);
			path = TableViewCells;
			sourceTree = "<group>";
		};
		B06A390C1F25ABF10075715B /* ViewControllers */ = {
			isa = PBXGroup;
			children = (
				B06A390D1F25ABF10075715B /* BaseFetchedTableViewController.h */,
				B06A390E1F25ABF10075715B /* BaseFetchedTableViewController.m */,
				B06A390F1F25ABF10075715B /* BaseTableViewController.h */,
				B06A39101F25ABF10075715B /* BaseTableViewController.m */,
				B06A39111F25ABF10075715B /* BaseViewController.h */,
				B06A39121F25ABF10075715B /* BaseViewController.m */,
				B06A39131F25ABF10075715B /* ViewController.h */,
				B06A39141F25ABF10075715B /* ViewController.m */,
			);
			path = ViewControllers;
			sourceTree = "<group>";
		};
		B06A393E1F25AC050075715B /* Views */ = {
			isa = PBXGroup;
			children = (
			);
			path = Views;
			sourceTree = "<group>";
		};
		B06A39421F25ACF80075715B /* Objects */ = {
			isa = PBXGroup;
			children = (
				B06A39431F25ACF80075715B /* AppData.h */,
				B06A39441F25ACF80075715B /* AppData.m */,
				B06A39451F25ACF80075715B /* AppDelegate.h */,
				B06A39461F25ACF80075715B /* AppDelegate.m */,
				B06A39471F25ACF80075715B /* NotificationsManager.h */,
				B06A39481F25ACF80075715B /* NotificationsManager.m */,
				B06A39491F25ACF80075715B /* Timer.h */,
				B06A394A1F25ACF80075715B /* Timer.m */,
				B06A394B1F25ACF80075715B /* UIColor+App.h */,
				B06A394C1F25ACF80075715B /* UIColor+App.m */,
				B06A394D1F25ACF80075715B /* UIFont+App.h */,
				B06A394E1F25ACF80075715B /* UIFont+App.m */,
			);
			path = Objects;
			sourceTree = "<group>";
		};
		B06A39551F25AD200075715B /* Supporting files */ = {
			isa = PBXGroup;
			children = (
				B06A38D01F25ABF10075715B /* Info.plist */,
				B06A38D11F25ABF10075715B /* main.m */,
			);
			path = "Supporting files";
			sourceTree = "<group>";
		};
		B06A395B1F25AD740075715B /* TemplateTests */ = {
			isa = PBXGroup;
			children = (
				B06A395C1F25AD740075715B /* TemplateTests.m */,
				B06A395E1F25AD740075715B /* Info.plist */,
			);
			path = TemplateTests;
			sourceTree = "<group>";
		};
		ED2E611C1C9D7851000441E4 = {
			isa = PBXGroup;
			children = (
				B06A38CB1F25ABF10075715B /* Source */,
				B06A395B1F25AD740075715B /* TemplateTests */,
				ED2E61261C9D7851000441E4 /* Products */,
				0D41631BF19B9244F4F17AF5 /* Pods */,
				84DAA7110F2F41F4CB599650 /* Frameworks */,
			);
			sourceTree = "<group>";
		};
		ED2E61261C9D7851000441E4 /* Products */ = {
			isa = PBXGroup;
			children = (
				ED2E61251C9D7851000441E4 /* Template.app */,
				B06A395A1F25AD740075715B /* TemplateTests.xctest */,
			);
			name = Products;
			sourceTree = "<group>";
		};
/* End PBXGroup section */

/* Begin PBXNativeTarget section */
		B06A39591F25AD740075715B /* TemplateTests */ = {
			isa = PBXNativeTarget;
			buildConfigurationList = B06A39611F25AD740075715B /* Build configuration list for PBXNativeTarget "TemplateTests" */;
			buildPhases = (
				B06A39561F25AD740075715B /* Sources */,
				B06A39571F25AD740075715B /* Frameworks */,
				B06A39581F25AD740075715B /* Resources */,
			);
			buildRules = (
			);
			dependencies = (
				B06A39601F25AD740075715B /* PBXTargetDependency */,
			);
			name = TemplateTests;
			productName = TemplateTests;
			productReference = B06A395A1F25AD740075715B /* TemplateTests.xctest */;
			productType = "com.apple.product-type.bundle.unit-test";
		};
		ED2E61241C9D7851000441E4 /* Template */ = {
			isa = PBXNativeTarget;
			buildConfigurationList = ED2E613C1C9D7851000441E4 /* Build configuration list for PBXNativeTarget "Template" */;
			buildPhases = (
				BAAA1C0D061FBB220BEC0868 /* [CP] Check Pods Manifest.lock */,
				ED2E61211C9D7851000441E4 /* Sources */,
				ED2E61221C9D7851000441E4 /* Frameworks */,
				ED2E61231C9D7851000441E4 /* Resources */,
				1968C915F4BA760F796F1749 /* [CP] Embed Pods Frameworks */,
				C1EEF7370733FBAC80878AEE /* [CP] Copy Pods Resources */,
				EDC7EA0F1DEC30AF0047102C /* Icon Buildnumber */,
			);
			buildRules = (
			);
			dependencies = (
			);
			name = Template;
			productName = Template;
			productReference = ED2E61251C9D7851000441E4 /* Template.app */;
			productType = "com.apple.product-type.application";
		};
/* End PBXNativeTarget section */

/* Begin PBXProject section */
		ED2E611D1C9D7851000441E4 /* Project object */ = {
			isa = PBXProject;
			attributes = {
				LastUpgradeCheck = 0800;
				ORGANIZATIONNAME = GraafICT;
				TargetAttributes = {
					B06A39591F25AD740075715B = {
						CreatedOnToolsVersion = 8.3.3;
						DevelopmentTeam = 7QNX728856;
						ProvisioningStyle = Automatic;
						TestTargetID = ED2E61241C9D7851000441E4;
					};
					ED2E61241C9D7851000441E4 = {
						CreatedOnToolsVersion = 7.2.1;
						DevelopmentTeam = Y45UVLDGPQ;
						ProvisioningStyle = Manual;
					};
					ED2E61721C9D79A1000441E4 = {
						CreatedOnToolsVersion = 7.2.1;
					};
				};
			};
			buildConfigurationList = ED2E61201C9D7851000441E4 /* Build configuration list for PBXProject "Template" */;
			compatibilityVersion = "Xcode 3.2";
			developmentRegion = English;
			hasScannedForEncodings = 0;
			knownRegions = (
				en,
				Base,
			);
			mainGroup = ED2E611C1C9D7851000441E4;
			productRefGroup = ED2E61261C9D7851000441E4 /* Products */;
			projectDirPath = "";
			projectRoot = "";
			targets = (
				ED2E61241C9D7851000441E4 /* Template */,
				ED2E61721C9D79A1000441E4 /* MoGenerator */,
				B06A39591F25AD740075715B /* TemplateTests */,
			);
		};
/* End PBXProject section */

/* Begin PBXResourcesBuildPhase section */
		B06A39581F25AD740075715B /* Resources */ = {
			isa = PBXResourcesBuildPhase;
			buildActionMask = 2147483647;
			files = (
			);
			runOnlyForDeploymentPostprocessing = 0;
		};
		ED2E61231C9D7851000441E4 /* Resources */ = {
			isa = PBXResourcesBuildPhase;
			buildActionMask = 2147483647;
			files = (
				B06A39211F25ABF10075715B /* Main.storyboard in Resources */,
				B06A392A1F25ABF10075715B /* Localizable.strings in Resources */,
				B06A39341F25ABF10075715B /* SmallTextButtonTableViewCell.xib in Resources */,
				B06A39311F25ABF10075715B /* EmptySpaceTableViewCell.xib in Resources */,
				B06A39351F25ABF10075715B /* SwitchTableViewCell.xib in Resources */,
				B06A392D1F25ABF10075715B /* ButtonTableViewCell.xib in Resources */,
				B06A39371F25ABF10075715B /* TextFieldTableViewCell.xib in Resources */,
				B06A39331F25ABF10075715B /* ImageTableViewCell.xib in Resources */,
				B06A392F1F25ABF10075715B /* CheckboxTableViewCell.xib in Resources */,
				B06A392C1F25ABF10075715B /* TableHeaderView.xib in Resources */,
				B06A39201F25ABF10075715B /* Assets.xcassets in Resources */,
				B06A392E1F25ABF10075715B /* CenterTextTableViewCell.xib in Resources */,
				B06A39361F25ABF10075715B /* TextButtonTableViewCell.xib in Resources */,
				B06A39391F25ABF10075715B /* TextViewTableViewCell.xib in Resources */,
				B06A39321F25ABF10075715B /* FloatTextFieldTableViewCell.xib in Resources */,
				B06A39301F25ABF10075715B /* CircleImageTableViewCell.xib in Resources */,
				B06A39221F25ABF10075715B /* Splash.storyboard in Resources */,
				B06A39381F25ABF10075715B /* TextTableViewCell.xib in Resources */,
				B06A39291F25ABF10075715B /* InfoPlist.strings in Resources */,
			);
			runOnlyForDeploymentPostprocessing = 0;
		};
/* End PBXResourcesBuildPhase section */

/* Begin PBXShellScriptBuildPhase section */
		1968C915F4BA760F796F1749 /* [CP] Embed Pods Frameworks */ = {
			isa = PBXShellScriptBuildPhase;
			buildActionMask = 2147483647;
			files = (
			);
			inputPaths = (
			);
			name = "[CP] Embed Pods Frameworks";
			outputPaths = (
			);
			runOnlyForDeploymentPostprocessing = 0;
			shellPath = /bin/sh;
			shellScript = "\"${SRCROOT}/Pods/Target Support Files/Pods-Template/Pods-Template-frameworks.sh\"\n";
			showEnvVarsInLog = 0;
		};
		BAAA1C0D061FBB220BEC0868 /* [CP] Check Pods Manifest.lock */ = {
			isa = PBXShellScriptBuildPhase;
			buildActionMask = 2147483647;
			files = (
			);
			inputPaths = (
			);
			name = "[CP] Check Pods Manifest.lock";
			outputPaths = (
			);
			runOnlyForDeploymentPostprocessing = 0;
			shellPath = /bin/sh;
			shellScript = "diff \"${PODS_ROOT}/../Podfile.lock\" \"${PODS_ROOT}/Manifest.lock\" > /dev/null\nif [ $? != 0 ] ; then\n    # print error to STDERR\n    echo \"error: The sandbox is not in sync with the Podfile.lock. Run 'pod install' or update your CocoaPods installation.\" >&2\n    exit 1\nfi\n";
			showEnvVarsInLog = 0;
		};
		C1EEF7370733FBAC80878AEE /* [CP] Copy Pods Resources */ = {
			isa = PBXShellScriptBuildPhase;
			buildActionMask = 2147483647;
			files = (
			);
			inputPaths = (
			);
			name = "[CP] Copy Pods Resources";
			outputPaths = (
			);
			runOnlyForDeploymentPostprocessing = 0;
			shellPath = /bin/sh;
			shellScript = "\"${SRCROOT}/Pods/Target Support Files/Pods-Template/Pods-Template-resources.sh\"\n";
			showEnvVarsInLog = 0;
		};
		ED2E61761C9D79DD000441E4 /* ShellScript */ = {
			isa = PBXShellScriptBuildPhase;
			buildActionMask = 2147483647;
			files = (
			);
			inputPaths = (
			);
			outputPaths = (
			);
			runOnlyForDeploymentPostprocessing = 0;
			shellPath = /bin/sh;
			shellScript = "mogenerator -m Source/Model/Template.xcdatamodeld -O Source/Model --template-var arc=true";
			showEnvVarsInLog = 0;
		};
		EDC7EA0F1DEC30AF0047102C /* Icon Buildnumber */ = {
			isa = PBXShellScriptBuildPhase;
			buildActionMask = 2147483647;
			files = (
			);
			inputPaths = (
			);
			name = "Icon Buildnumber";
			outputPaths = (
			);
			runOnlyForDeploymentPostprocessing = 0;
			shellPath = /bin/sh;
			shellScript = "\"${SRCROOT}/Scripts/IconBuildNumber.sh\"";
		};
/* End PBXShellScriptBuildPhase section */

/* Begin PBXSourcesBuildPhase section */
		B06A39561F25AD740075715B /* Sources */ = {
			isa = PBXSourcesBuildPhase;
			buildActionMask = 2147483647;
			files = (
				B06A395D1F25AD740075715B /* TemplateTests.m in Sources */,
			);
			runOnlyForDeploymentPostprocessing = 0;
		};
		ED2E61211C9D7851000441E4 /* Sources */ = {
			isa = PBXSourcesBuildPhase;
			buildActionMask = 2147483647;
			files = (
				B06A391A1F25ABF10075715B /* User.m in Sources */,
				B06A39511F25ACF80075715B /* NotificationsManager.m in Sources */,
				B06A39171F25ABF10075715B /* _User.m in Sources */,
				B06A394F1F25ACF80075715B /* AppData.m in Sources */,
				B06A39191F25ABF10075715B /* Template.xcdatamodeld in Sources */,
				B06A393C1F25ABF10075715B /* BaseViewController.m in Sources */,
				B06A392B1F25ABF10075715B /* AppAppearance.m in Sources */,
				B06A39161F25ABF10075715B /* main.m in Sources */,
				B06A39541F25ACF80075715B /* UIFont+App.m in Sources */,
				B06A39181F25ABF10075715B /* BDGCoreData.m in Sources */,
				B06A39501F25ACF80075715B /* AppDelegate.m in Sources */,
				B06A393D1F25ABF10075715B /* ViewController.m in Sources */,
				B06A393B1F25ABF10075715B /* BaseTableViewController.m in Sources */,
				B06A393A1F25ABF10075715B /* BaseFetchedTableViewController.m in Sources */,
				B06A39531F25ACF80075715B /* UIColor+App.m in Sources */,
				B06A39521F25ACF80075715B /* Timer.m in Sources */,
			);
			runOnlyForDeploymentPostprocessing = 0;
		};
/* End PBXSourcesBuildPhase section */

/* Begin PBXTargetDependency section */
		B06A39601F25AD740075715B /* PBXTargetDependency */ = {
			isa = PBXTargetDependency;
			target = ED2E61241C9D7851000441E4 /* Template */;
			targetProxy = B06A395F1F25AD740075715B /* PBXContainerItemProxy */;
		};
/* End PBXTargetDependency section */

/* Begin PBXVariantGroup section */
		B06A38EA1F25ABF10075715B /* Main.storyboard */ = {
			isa = PBXVariantGroup;
			children = (
				B06A38EB1F25ABF10075715B /* Base */,
			);
			name = Main.storyboard;
			sourceTree = "<group>";
		};
		B06A38EC1F25ABF10075715B /* Splash.storyboard */ = {
			isa = PBXVariantGroup;
			children = (
				B06A38ED1F25ABF10075715B /* Base */,
			);
			name = Splash.storyboard;
			sourceTree = "<group>";
		};
/* End PBXVariantGroup section */

/* Begin XCBuildConfiguration section */
		B06A39621F25AD740075715B /* Debug */ = {
			isa = XCBuildConfiguration;
			buildSettings = {
				BUNDLE_LOADER = "$(TEST_HOST)";
				CLANG_ANALYZER_NONNULL = YES;
				CLANG_ANALYZER_NUMBER_OBJECT_CONVERSION = YES_AGGRESSIVE;
				CLANG_WARN_DOCUMENTATION_COMMENTS = YES;
				DEVELOPMENT_TEAM = 7QNX728856;
				INFOPLIST_FILE = TemplateTests/Info.plist;
				IPHONEOS_DEPLOYMENT_TARGET = 10.3;
				LD_RUNPATH_SEARCH_PATHS = "$(inherited) @executable_path/Frameworks @loader_path/Frameworks";
				PRODUCT_BUNDLE_IDENTIFIER = Synappz.TemplateTests;
				PRODUCT_NAME = "$(TARGET_NAME)";
				TEST_HOST = "$(BUILT_PRODUCTS_DIR)/Template.app/Template";
			};
			name = Debug;
		};
		B06A39631F25AD740075715B /* Release */ = {
			isa = XCBuildConfiguration;
			buildSettings = {
				BUNDLE_LOADER = "$(TEST_HOST)";
				CLANG_ANALYZER_NONNULL = YES;
				CLANG_ANALYZER_NUMBER_OBJECT_CONVERSION = YES_AGGRESSIVE;
				CLANG_WARN_DOCUMENTATION_COMMENTS = YES;
				DEVELOPMENT_TEAM = 7QNX728856;
				INFOPLIST_FILE = TemplateTests/Info.plist;
				IPHONEOS_DEPLOYMENT_TARGET = 10.3;
				LD_RUNPATH_SEARCH_PATHS = "$(inherited) @executable_path/Frameworks @loader_path/Frameworks";
				PRODUCT_BUNDLE_IDENTIFIER = Synappz.TemplateTests;
				PRODUCT_NAME = "$(TARGET_NAME)";
				TEST_HOST = "$(BUILT_PRODUCTS_DIR)/Template.app/Template";
			};
			name = Release;
		};
		B06A39641F25AD740075715B /* AppStore */ = {
			isa = XCBuildConfiguration;
			buildSettings = {
				BUNDLE_LOADER = "$(TEST_HOST)";
				CLANG_ANALYZER_NONNULL = YES;
				CLANG_ANALYZER_NUMBER_OBJECT_CONVERSION = YES_AGGRESSIVE;
				CLANG_WARN_DOCUMENTATION_COMMENTS = YES;
				DEVELOPMENT_TEAM = 7QNX728856;
				INFOPLIST_FILE = TemplateTests/Info.plist;
				IPHONEOS_DEPLOYMENT_TARGET = 10.3;
				LD_RUNPATH_SEARCH_PATHS = "$(inherited) @executable_path/Frameworks @loader_path/Frameworks";
				PRODUCT_BUNDLE_IDENTIFIER = Synappz.TemplateTests;
				PRODUCT_NAME = "$(TARGET_NAME)";
				TEST_HOST = "$(BUILT_PRODUCTS_DIR)/Template.app/Template";
			};
			name = AppStore;
		};
		ED2E613A1C9D7851000441E4 /* Debug */ = {
			isa = XCBuildConfiguration;
			buildSettings = {
				ALWAYS_SEARCH_USER_PATHS = NO;
				CLANG_CXX_LANGUAGE_STANDARD = "gnu++0x";
				CLANG_CXX_LIBRARY = "libc++";
				CLANG_ENABLE_MODULES = YES;
				CLANG_ENABLE_OBJC_ARC = YES;
				CLANG_WARN_BOOL_CONVERSION = YES;
				CLANG_WARN_CONSTANT_CONVERSION = YES;
				CLANG_WARN_DIRECT_OBJC_ISA_USAGE = YES_ERROR;
				CLANG_WARN_EMPTY_BODY = YES;
				CLANG_WARN_ENUM_CONVERSION = YES;
				CLANG_WARN_INFINITE_RECURSION = YES;
				CLANG_WARN_INT_CONVERSION = YES;
				CLANG_WARN_OBJC_ROOT_CLASS = YES_ERROR;
				CLANG_WARN_SUSPICIOUS_MOVE = YES;
				CLANG_WARN_UNREACHABLE_CODE = YES;
				CLANG_WARN__DUPLICATE_METHOD_MATCH = YES;
				"CODE_SIGN_IDENTITY[sdk=iphoneos*]" = "iPhone Developer";
				COPY_PHASE_STRIP = NO;
				DEBUG_INFORMATION_FORMAT = dwarf;
				ENABLE_STRICT_OBJC_MSGSEND = YES;
				ENABLE_TESTABILITY = YES;
				GCC_C_LANGUAGE_STANDARD = gnu99;
				GCC_DYNAMIC_NO_PIC = NO;
				GCC_NO_COMMON_BLOCKS = YES;
				GCC_OPTIMIZATION_LEVEL = 0;
				GCC_PREPROCESSOR_DEFINITIONS = (
					"DEBUG=1",
					"$(inherited)",
				);
				GCC_WARN_64_TO_32_BIT_CONVERSION = YES;
				GCC_WARN_ABOUT_RETURN_TYPE = YES_ERROR;
				GCC_WARN_UNDECLARED_SELECTOR = YES;
				GCC_WARN_UNINITIALIZED_AUTOS = YES_AGGRESSIVE;
				GCC_WARN_UNUSED_FUNCTION = YES;
				GCC_WARN_UNUSED_VARIABLE = YES;
				IPHONEOS_DEPLOYMENT_TARGET = 9.2;
				MTL_ENABLE_DEBUG_INFO = YES;
				ONLY_ACTIVE_ARCH = YES;
				SDKROOT = iphoneos;
				TARGETED_DEVICE_FAMILY = "1,2";
			};
			name = Debug;
		};
		ED2E613B1C9D7851000441E4 /* Release */ = {
			isa = XCBuildConfiguration;
			buildSettings = {
				ALWAYS_SEARCH_USER_PATHS = NO;
				CLANG_CXX_LANGUAGE_STANDARD = "gnu++0x";
				CLANG_CXX_LIBRARY = "libc++";
				CLANG_ENABLE_MODULES = YES;
				CLANG_ENABLE_OBJC_ARC = YES;
				CLANG_WARN_BOOL_CONVERSION = YES;
				CLANG_WARN_CONSTANT_CONVERSION = YES;
				CLANG_WARN_DIRECT_OBJC_ISA_USAGE = YES_ERROR;
				CLANG_WARN_EMPTY_BODY = YES;
				CLANG_WARN_ENUM_CONVERSION = YES;
				CLANG_WARN_INFINITE_RECURSION = YES;
				CLANG_WARN_INT_CONVERSION = YES;
				CLANG_WARN_OBJC_ROOT_CLASS = YES_ERROR;
				CLANG_WARN_SUSPICIOUS_MOVE = YES;
				CLANG_WARN_UNREACHABLE_CODE = YES;
				CLANG_WARN__DUPLICATE_METHOD_MATCH = YES;
				"CODE_SIGN_IDENTITY[sdk=iphoneos*]" = "iPhone Developer";
				COPY_PHASE_STRIP = NO;
				DEBUG_INFORMATION_FORMAT = "dwarf-with-dsym";
				ENABLE_NS_ASSERTIONS = NO;
				ENABLE_STRICT_OBJC_MSGSEND = YES;
				GCC_C_LANGUAGE_STANDARD = gnu99;
				GCC_NO_COMMON_BLOCKS = YES;
				GCC_WARN_64_TO_32_BIT_CONVERSION = YES;
				GCC_WARN_ABOUT_RETURN_TYPE = YES_ERROR;
				GCC_WARN_UNDECLARED_SELECTOR = YES;
				GCC_WARN_UNINITIALIZED_AUTOS = YES_AGGRESSIVE;
				GCC_WARN_UNUSED_FUNCTION = YES;
				GCC_WARN_UNUSED_VARIABLE = YES;
				IPHONEOS_DEPLOYMENT_TARGET = 9.2;
				MTL_ENABLE_DEBUG_INFO = NO;
				SDKROOT = iphoneos;
				TARGETED_DEVICE_FAMILY = "1,2";
				VALIDATE_PRODUCT = YES;
			};
			name = Release;
		};
		ED2E613D1C9D7851000441E4 /* Debug */ = {
			isa = XCBuildConfiguration;
			baseConfigurationReference = 6B746C6F9E3429D52CA4FCC0 /* Pods-Template.debug.xcconfig */;
			buildSettings = {
				ASSETCATALOG_COMPILER_APPICON_NAME = AppIcon;
				CODE_SIGN_IDENTITY = "iPhone Developer";
				"CODE_SIGN_IDENTITY[sdk=iphoneos*]" = "iPhone Distribution";
				DEVELOPMENT_TEAM = Y45UVLDGPQ;
				GCC_PREPROCESSOR_DEFINITIONS = (
					"$(inherited)",
					"APPSTORE=0",
				);
				INFOPLIST_FILE = Source/Info.plist;
				IPHONEOS_DEPLOYMENT_TARGET = 9.0;
				LD_RUNPATH_SEARCH_PATHS = "$(inherited) @executable_path/Frameworks";
				PRODUCT_BUNDLE_IDENTIFIER = template.Template;
				PRODUCT_NAME = "$(TARGET_NAME)";
				PROVISIONING_PROFILE = "e2619686-4979-4ce3-be43-22820661bca2";
				PROVISIONING_PROFILE_SPECIFIER = "XC: *";
			};
			name = Debug;
		};
		ED2E613E1C9D7851000441E4 /* Release */ = {
			isa = XCBuildConfiguration;
			baseConfigurationReference = 6A01C3EB630EAC7B2F8FC1CC /* Pods-Template.release.xcconfig */;
			buildSettings = {
				ASSETCATALOG_COMPILER_APPICON_NAME = AppIcon;
				CODE_SIGN_IDENTITY = "iPhone Distribution";
				"CODE_SIGN_IDENTITY[sdk=iphoneos*]" = "iPhone Distribution";
				DEVELOPMENT_TEAM = Y45UVLDGPQ;
				GCC_PREPROCESSOR_DEFINITIONS = (
					"$(inherited)",
					"APPSTORE=0",
				);
				INFOPLIST_FILE = Source/Info.plist;
				IPHONEOS_DEPLOYMENT_TARGET = 9.0;
				LD_RUNPATH_SEARCH_PATHS = "$(inherited) @executable_path/Frameworks";
				PRODUCT_BUNDLE_IDENTIFIER = template.Template;
				PRODUCT_NAME = "$(TARGET_NAME)";
				PROVISIONING_PROFILE = "e2619686-4979-4ce3-be43-22820661bca2";
				PROVISIONING_PROFILE_SPECIFIER = "XC: *";
			};
			name = Release;
		};
		ED2E61741C9D79A1000441E4 /* Debug */ = {
			isa = XCBuildConfiguration;
			buildSettings = {
				PRODUCT_NAME = "$(TARGET_NAME)";
			};
			name = Debug;
		};
		ED2E61751C9D79A1000441E4 /* Release */ = {
			isa = XCBuildConfiguration;
			buildSettings = {
				PRODUCT_NAME = "$(TARGET_NAME)";
			};
			name = Release;
		};
		ED7301DF1CB2AD6C00FA5824 /* AppStore */ = {
			isa = XCBuildConfiguration;
			buildSettings = {
				ALWAYS_SEARCH_USER_PATHS = NO;
				CLANG_CXX_LANGUAGE_STANDARD = "gnu++0x";
				CLANG_CXX_LIBRARY = "libc++";
				CLANG_ENABLE_MODULES = YES;
				CLANG_ENABLE_OBJC_ARC = YES;
				CLANG_WARN_BOOL_CONVERSION = YES;
				CLANG_WARN_CONSTANT_CONVERSION = YES;
				CLANG_WARN_DIRECT_OBJC_ISA_USAGE = YES_ERROR;
				CLANG_WARN_EMPTY_BODY = YES;
				CLANG_WARN_ENUM_CONVERSION = YES;
				CLANG_WARN_INFINITE_RECURSION = YES;
				CLANG_WARN_INT_CONVERSION = YES;
				CLANG_WARN_OBJC_ROOT_CLASS = YES_ERROR;
				CLANG_WARN_SUSPICIOUS_MOVE = YES;
				CLANG_WARN_UNREACHABLE_CODE = YES;
				CLANG_WARN__DUPLICATE_METHOD_MATCH = YES;
				"CODE_SIGN_IDENTITY[sdk=iphoneos*]" = "iPhone Developer";
				COPY_PHASE_STRIP = NO;
				DEBUG_INFORMATION_FORMAT = "dwarf-with-dsym";
				ENABLE_NS_ASSERTIONS = NO;
				ENABLE_STRICT_OBJC_MSGSEND = YES;
				GCC_C_LANGUAGE_STANDARD = gnu99;
				GCC_NO_COMMON_BLOCKS = YES;
				GCC_WARN_64_TO_32_BIT_CONVERSION = YES;
				GCC_WARN_ABOUT_RETURN_TYPE = YES_ERROR;
				GCC_WARN_UNDECLARED_SELECTOR = YES;
				GCC_WARN_UNINITIALIZED_AUTOS = YES_AGGRESSIVE;
				GCC_WARN_UNUSED_FUNCTION = YES;
				GCC_WARN_UNUSED_VARIABLE = YES;
				IPHONEOS_DEPLOYMENT_TARGET = 9.2;
				MTL_ENABLE_DEBUG_INFO = NO;
				SDKROOT = iphoneos;
				TARGETED_DEVICE_FAMILY = "1,2";
				VALIDATE_PRODUCT = YES;
			};
			name = AppStore;
		};
		ED7301E01CB2AD6C00FA5824 /* AppStore */ = {
			isa = XCBuildConfiguration;
			baseConfigurationReference = 8F6FB4F87756D32E2B659BFC /* Pods-Template.appstore.xcconfig */;
			buildSettings = {
				ASSETCATALOG_COMPILER_APPICON_NAME = AppIcon;
				CODE_SIGN_IDENTITY = "iPhone Distribution";
				"CODE_SIGN_IDENTITY[sdk=iphoneos*]" = "iPhone Distribution";
				DEVELOPMENT_TEAM = Y45UVLDGPQ;
				GCC_PREPROCESSOR_DEFINITIONS = (
					"$(inherited)",
					"APPSTORE=1",
				);
				INFOPLIST_FILE = Source/Info.plist;
				IPHONEOS_DEPLOYMENT_TARGET = 9.0;
				LD_RUNPATH_SEARCH_PATHS = "$(inherited) @executable_path/Frameworks";
				PRODUCT_BUNDLE_IDENTIFIER = template.Template;
				PRODUCT_NAME = "$(TARGET_NAME)";
				PROVISIONING_PROFILE = "e2619686-4979-4ce3-be43-22820661bca2";
				PROVISIONING_PROFILE_SPECIFIER = "XC: *";
			};
			name = AppStore;
		};
		ED7301E11CB2AD6C00FA5824 /* AppStore */ = {
			isa = XCBuildConfiguration;
			buildSettings = {
				PRODUCT_NAME = "$(TARGET_NAME)";
			};
			name = AppStore;
		};
/* End XCBuildConfiguration section */

/* Begin XCConfigurationList section */
		B06A39611F25AD740075715B /* Build configuration list for PBXNativeTarget "TemplateTests" */ = {
			isa = XCConfigurationList;
			buildConfigurations = (
				B06A39621F25AD740075715B /* Debug */,
				B06A39631F25AD740075715B /* Release */,
				B06A39641F25AD740075715B /* AppStore */,
			);
			defaultConfigurationIsVisible = 0;
		};
		ED2E61201C9D7851000441E4 /* Build configuration list for PBXProject "Template" */ = {
			isa = XCConfigurationList;
			buildConfigurations = (
				ED2E613A1C9D7851000441E4 /* Debug */,
				ED2E613B1C9D7851000441E4 /* Release */,
				ED7301DF1CB2AD6C00FA5824 /* AppStore */,
			);
			defaultConfigurationIsVisible = 0;
			defaultConfigurationName = Release;
		};
		ED2E613C1C9D7851000441E4 /* Build configuration list for PBXNativeTarget "Template" */ = {
			isa = XCConfigurationList;
			buildConfigurations = (
				ED2E613D1C9D7851000441E4 /* Debug */,
				ED2E613E1C9D7851000441E4 /* Release */,
				ED7301E01CB2AD6C00FA5824 /* AppStore */,
			);
			defaultConfigurationIsVisible = 0;
			defaultConfigurationName = Release;
		};
		ED2E61731C9D79A1000441E4 /* Build configuration list for PBXAggregateTarget "MoGenerator" */ = {
			isa = XCConfigurationList;
			buildConfigurations = (
				ED2E61741C9D79A1000441E4 /* Debug */,
				ED2E61751C9D79A1000441E4 /* Release */,
				ED7301E11CB2AD6C00FA5824 /* AppStore */,
			);
			defaultConfigurationIsVisible = 0;
			defaultConfigurationName = Release;
		};
/* End XCConfigurationList section */

/* Begin XCVersionGroup section */
		B06A38D71F25ABF10075715B /* Template.xcdatamodeld */ = {
			isa = XCVersionGroup;
			children = (
				B06A38D81F25ABF10075715B /* Template.xcdatamodel */,
			);
			currentVersion = B06A38D81F25ABF10075715B /* Template.xcdatamodel */;
			path = Template.xcdatamodeld;
			sourceTree = "<group>";
			versionGroupType = wrapper.xcdatamodel;
		};
/* End XCVersionGroup section */
	};
	rootObject = ED2E611D1C9D7851000441E4 /* Project object */;
}
